
Microsoft Visual Studio Solution File, Format Version 12.00
# Visual Studio 15
VisualStudioVersion = 15.0.28307.168
MinimumVisualStudioVersion = 10.0.40219.1
Project("{FAE04EC0-301F-11D3-BF4B-00C04F79EFBC}") = "EpiserverSiteCommerce", "EpiserverSiteCommerce\EpiserverSiteCommerce.csproj", "{0FA3338E-A149-4BFB-A75D-CB1908AF8281}"
EndProject
Project("{FAE04EC0-301F-11D3-BF4B-00C04F79EFBC}") = "WebApplicationCommerce", "WebApplicationCommerce\WebApplicationCommerce.csproj", "{50D05E0C-9467-4D84-AF39-4553DA7736A2}"
EndProject
Global
	GlobalSection(SolutionConfigurationPlatforms) = preSolution
		Debug|Any CPU = Debug|Any CPU
		Release|Any CPU = Release|Any CPU
	EndGlobalSection
	GlobalSection(ProjectConfigurationPlatforms) = postSolution
		{0FA3338E-A149-4BFB-A75D-CB1908AF8281}.Debug|Any CPU.ActiveCfg = Debug|Any CPU
		{0FA3338E-A149-4BFB-A75D-CB1908AF8281}.Debug|Any CPU.Build.0 = Debug|Any CPU
		{0FA3338E-A149-4BFB-A75D-CB1908AF8281}.Release|Any CPU.ActiveCfg = Release|Any CPU
		{0FA3338E-A149-4BFB-A75D-CB1908AF8281}.Release|Any CPU.Build.0 = Release|Any CPU
		{50D05E0C-9467-4D84-AF39-4553DA7736A2}.Debug|Any CPU.ActiveCfg = Debug|Any CPU
		{50D05E0C-9467-4D84-AF39-4553DA7736A2}.Debug|Any CPU.Build.0 = Debug|Any CPU
		{50D05E0C-9467-4D84-AF39-4553DA7736A2}.Release|Any CPU.ActiveCfg = Release|Any CPU
		{50D05E0C-9467-4D84-AF39-4553DA7736A2}.Release|Any CPU.Build.0 = Release|Any CPU
	EndGlobalSection
	GlobalSection(SolutionProperties) = preSolution
		HideSolutionNode = FALSE
	EndGlobalSection
	GlobalSection(ExtensibilityGlobals) = postSolution
		SolutionGuid = {2B32D877-5F74-4858-B710-0A7E3846E756}
	EndGlobalSection
EndGlobal
